
Microsoft Visual Studio Solution File, Format Version 12.00
# Visual Studio 15
VisualStudioVersion = 15.0.27130.2026
MinimumVisualStudioVersion = 10.0.40219.1
Project("{FAE04EC0-301F-11D3-BF4B-00C04F79EFBC}") = "GestCloudv2", "GestCloudv2\GestCloudv2.csproj", "{26958335-F074-400A-B439-87D1737D359D}"
EndProject
Project("{FAE04EC0-301F-11D3-BF4B-00C04F79EFBC}") = "FrameworkDB", "FrameworkDB\FrameworkDB.csproj", "{8F03A58F-0834-43E5-A968-CE75AFAA02F2}"
EndProject
Project("{FAE04EC0-301F-11D3-BF4B-00C04F79EFBC}") = "FrameworkView", "UserMantenant\FrameworkView.csproj", "{E3973619-C229-4CCE-91B4-923D4FD9D660}"
EndProject
Global
	GlobalSection(SolutionConfigurationPlatforms) = preSolution
		Debug|Any CPU = Debug|Any CPU
		Release|Any CPU = Release|Any CPU
	EndGlobalSection
	GlobalSection(ProjectConfigurationPlatforms) = postSolution
		{26958335-F074-400A-B439-87D1737D359D}.Debug|Any CPU.ActiveCfg = Debug|Any CPU
		{26958335-F074-400A-B439-87D1737D359D}.Debug|Any CPU.Build.0 = Debug|Any CPU
		{26958335-F074-400A-B439-87D1737D359D}.Release|Any CPU.ActiveCfg = Release|Any CPU
		{26958335-F074-400A-B439-87D1737D359D}.Release|Any CPU.Build.0 = Release|Any CPU
		{8F03A58F-0834-43E5-A968-CE75AFAA02F2}.Debug|Any CPU.ActiveCfg = Debug|Any CPU
		{8F03A58F-0834-43E5-A968-CE75AFAA02F2}.Debug|Any CPU.Build.0 = Debug|Any CPU
		{8F03A58F-0834-43E5-A968-CE75AFAA02F2}.Release|Any CPU.ActiveCfg = Release|Any CPU
		{8F03A58F-0834-43E5-A968-CE75AFAA02F2}.Release|Any CPU.Build.0 = Release|Any CPU
		{E3973619-C229-4CCE-91B4-923D4FD9D660}.Debug|Any CPU.ActiveCfg = Debug|Any CPU
		{E3973619-C229-4CCE-91B4-923D4FD9D660}.Debug|Any CPU.Build.0 = Debug|Any CPU
		{E3973619-C229-4CCE-91B4-923D4FD9D660}.Release|Any CPU.ActiveCfg = Release|Any CPU
		{E3973619-C229-4CCE-91B4-923D4FD9D660}.Release|Any CPU.Build.0 = Release|Any CPU
	EndGlobalSection
	GlobalSection(SolutionProperties) = preSolution
		HideSolutionNode = FALSE
	EndGlobalSection
	GlobalSection(ExtensibilityGlobals) = postSolution
		SolutionGuid = {2AED7643-18AD-4E5C-AF95-062588FB77B4}
	EndGlobalSection
EndGlobal
